
Microsoft Visual Studio Solution File, Format Version 12.00
# Visual Studio Version 17
VisualStudioVersion = 17.0.31903.59
MinimumVisualStudioVersion = 10.0.40219.1
Project("{2150E333-8FDC-42A3-9474-1A3956D46DE8}") = "Tests", "Tests", "{3FD0597A-B3FC-47CA-8953-426E101D9D0D}"
EndProject
Project("{FAE04EC0-301F-11D3-BF4B-00C04F79EFBC}") = "Upload.Core", "src\Upload.Core\Upload.Core.csproj", "{420854F9-53FC-4C5B-8BB0-C7217141011C}"
EndProject
Project("{FAE04EC0-301F-11D3-BF4B-00C04F79EFBC}") = "Upload.Disk", "src\Upload.Disk\Upload.Disk.csproj", "{13D25046-5108-4CBD-9560-32A7E0A2B556}"
EndProject
Project("{FAE04EC0-301F-11D3-BF4B-00C04F79EFBC}") = "Upload.Disk.Test", "tests\Upload.Disk.Test\Upload.Disk.Test.csproj", "{48BF459E-DCFA-452D-A9F6-EC53E1D40738}"
EndProject
Project("{FAE04EC0-301F-11D3-BF4B-00C04F79EFBC}") = "Upload.Core.Test", "tests\Upload.Core.Test\Upload.Core.Test.csproj", "{E20C5EB1-B920-45DB-990C-CBBA24DF33AB}"
EndProject
Project("{FAE04EC0-301F-11D3-BF4B-00C04F79EFBC}") = "Upload.Web.Sample", "src\Upload.Web.Sample\Upload.Web.Sample.csproj", "{C98F2265-8558-4E6D-A25A-A043C719615B}"
EndProject
Project("{FAE04EC0-301F-11D3-BF4B-00C04F79EFBC}") = "Upload.AwsS3", "src\Upload.AwsS3\Upload.AwsS3.csproj", "{D2D94B77-9DD9-4AA6-8BEA-9C46DAB0B876}"
EndProject
Global
	GlobalSection(SolutionConfigurationPlatforms) = preSolution
		Debug|Any CPU = Debug|Any CPU
		Release|Any CPU = Release|Any CPU
	EndGlobalSection
	GlobalSection(SolutionProperties) = preSolution
		HideSolutionNode = FALSE
	EndGlobalSection
	GlobalSection(ProjectConfigurationPlatforms) = postSolution
		{420854F9-53FC-4C5B-8BB0-C7217141011C}.Debug|Any CPU.ActiveCfg = Debug|Any CPU
		{420854F9-53FC-4C5B-8BB0-C7217141011C}.Debug|Any CPU.Build.0 = Debug|Any CPU
		{420854F9-53FC-4C5B-8BB0-C7217141011C}.Release|Any CPU.ActiveCfg = Release|Any CPU
		{420854F9-53FC-4C5B-8BB0-C7217141011C}.Release|Any CPU.Build.0 = Release|Any CPU
		{13D25046-5108-4CBD-9560-32A7E0A2B556}.Debug|Any CPU.ActiveCfg = Debug|Any CPU
		{13D25046-5108-4CBD-9560-32A7E0A2B556}.Debug|Any CPU.Build.0 = Debug|Any CPU
		{13D25046-5108-4CBD-9560-32A7E0A2B556}.Release|Any CPU.ActiveCfg = Release|Any CPU
		{13D25046-5108-4CBD-9560-32A7E0A2B556}.Release|Any CPU.Build.0 = Release|Any CPU
		{48BF459E-DCFA-452D-A9F6-EC53E1D40738}.Debug|Any CPU.ActiveCfg = Debug|Any CPU
		{48BF459E-DCFA-452D-A9F6-EC53E1D40738}.Debug|Any CPU.Build.0 = Debug|Any CPU
		{48BF459E-DCFA-452D-A9F6-EC53E1D40738}.Release|Any CPU.ActiveCfg = Release|Any CPU
		{48BF459E-DCFA-452D-A9F6-EC53E1D40738}.Release|Any CPU.Build.0 = Release|Any CPU
		{E20C5EB1-B920-45DB-990C-CBBA24DF33AB}.Debug|Any CPU.ActiveCfg = Debug|Any CPU
		{E20C5EB1-B920-45DB-990C-CBBA24DF33AB}.Debug|Any CPU.Build.0 = Debug|Any CPU
		{E20C5EB1-B920-45DB-990C-CBBA24DF33AB}.Release|Any CPU.ActiveCfg = Release|Any CPU
		{E20C5EB1-B920-45DB-990C-CBBA24DF33AB}.Release|Any CPU.Build.0 = Release|Any CPU
		{C98F2265-8558-4E6D-A25A-A043C719615B}.Debug|Any CPU.ActiveCfg = Debug|Any CPU
		{C98F2265-8558-4E6D-A25A-A043C719615B}.Debug|Any CPU.Build.0 = Debug|Any CPU
		{C98F2265-8558-4E6D-A25A-A043C719615B}.Release|Any CPU.ActiveCfg = Release|Any CPU
		{C98F2265-8558-4E6D-A25A-A043C719615B}.Release|Any CPU.Build.0 = Release|Any CPU
		{D2D94B77-9DD9-4AA6-8BEA-9C46DAB0B876}.Debug|Any CPU.ActiveCfg = Debug|Any CPU
		{D2D94B77-9DD9-4AA6-8BEA-9C46DAB0B876}.Debug|Any CPU.Build.0 = Debug|Any CPU
		{D2D94B77-9DD9-4AA6-8BEA-9C46DAB0B876}.Release|Any CPU.ActiveCfg = Release|Any CPU
		{D2D94B77-9DD9-4AA6-8BEA-9C46DAB0B876}.Release|Any CPU.Build.0 = Release|Any CPU
	EndGlobalSection
	GlobalSection(NestedProjects) = preSolution
		{48BF459E-DCFA-452D-A9F6-EC53E1D40738} = {3FD0597A-B3FC-47CA-8953-426E101D9D0D}
		{E20C5EB1-B920-45DB-990C-CBBA24DF33AB} = {3FD0597A-B3FC-47CA-8953-426E101D9D0D}
	EndGlobalSection
EndGlobal
